<?xml version="1.0" encoding="utf-8"?>
<Project ToolsVersion="4.0" xmlns="http://schemas.microsoft.com/developer/msbuild/2003">
  <ItemGroup>
    <Filter Include="源文件">
      <UniqueIdentifier>{4FC737F1-C7A5-4376-A066-2A32D752A2FF}</UniqueIdentifier>
      <Extensions>cpp;c;cc;cxx;def;odl;idl;hpj;bat;asm;asmx</Extensions>
    </Filter>
    <Filter Include="头文件">
      <UniqueIdentifier>{93995380-89BD-4b04-88EB-625FBE52EBFB}</UniqueIdentifier>
      <Extensions>h;hpp;hxx;hm;inl;inc;xsd</Extensions>
    </Filter>
    <Filter Include="资源文件">
      <UniqueIdentifier>{67DA6AB6-F800-4c08-8B7A-83BB121AAD01}</UniqueIdentifier>
      <Extensions>rc;ico;cur;bmp;dlg;rc2;rct;bin;rgs;gif;jpg;jpeg;jpe;resx;tiff;tif;png;wav;mfcribbon-ms</Extensions>
    </Filter>
  </ItemGroup>
  <ItemGroup>
    <None Include="ReadMe.txt" />
    <None Include="res\YUVPlayer.rc2">
      <Filter>资源文件</Filter>
    </None>
    <None Include="res\YUVPlayer.ico">
      <Filter>资源文件</Filter>
    </None>
    <None Include="res\open.bmp">
      <Filter>资源文件</Filter>
    </None>
    <None Include="res\first.bmp">
      <Filter>资源文件</Filter>
    </None>
    <None Include="res\last.bmp">
      <Filter>资源文件</Filter>
    </None>
    <None Include="res\pause.bmp">
      <Filter>资源文件</Filter>
    </None>
    <None Include="res\play.bmp">
      <Filter>资源文件</Filter>
    </None>
    <None Include="res\prev.bmp">
      <Filter>资源文件</Filter>
    </None>
    <None Include="res\save.bmp">
      <Filter>资源文件</Filter>
    </None>
    <None Include="res\setting.bmp">
      <Filter>资源文件</Filter>
    </None>
    <None Include="res\stop.bmp">
      <Filter>资源文件</Filter>
    </None>
    <None Include="res\next.bmp">
      <Filter>资源文件</Filter>
    </None>
  </ItemGroup>
  <ItemGroup>
    <ClInclude Include="YUVPlayer.h">
      <Filter>头文件</Filter>
    </ClInclude>
    <ClInclude Include="YUVPlayerDlg.h">
      <Filter>头文件</Filter>
    </ClInclude>
    <ClInclude Include="stdafx.h">
      <Filter>头文件</Filter>
    </ClInclude>
    <ClInclude Include="targetver.h">
      <Filter>头文件</Filter>
    </ClInclude>
    <ClInclude Include="Resource.h">
      <Filter>头文件</Filter>
    </ClInclude>
    <ClInclude Include="SettingDlg.h">
      <Filter>头文件</Filter>
    </ClInclude>
    <ClInclude Include="yuv2rgb.h">
      <Filter>头文件</Filter>
    </ClInclude>
    <ClInclude Include="YuvTransform.h">
      <Filter>头文件</Filter>
    </ClInclude>
  </ItemGroup>
  <ItemGroup>
    <ClCompile Include="YUVPlayer.cpp">
      <Filter>源文件</Filter>
    </ClCompile>
    <ClCompile Include="YUVPlayerDlg.cpp">
      <Filter>源文件</Filter>
    </ClCompile>
    <ClCompile Include="stdafx.cpp">
      <Filter>源文件</Filter>
    </ClCompile>
    <ClCompile Include="SettingDlg.cpp">
      <Filter>源文件</Filter>
    </ClCompile>
    <ClCompile Include="yuv2rgb.cpp">
      <Filter>源文件</Filter>
    </ClCompile>
    <ClCompile Include="YuvTransform.cpp">
      <Filter>源文件</Filter>
    </ClCompile>
  </ItemGroup>
  <ItemGroup>
    <ResourceCompile Include="YUVPlayer.rc">
      <Filter>资源文件</Filter>
    </ResourceCompile>
  </ItemGroup>
</Project>